// !$*UTF8*$!
{
	archiveVersion = 1;
	classes = {
	};
	objectVersion = 50;
	objects = {

/* Begin PBXBuildFile section */
		DCF520502364945500A46423 /* AppDelegate.swift in Sources */ = {isa = PBXBuildFile; fileRef = DCF5204F2364945500A46423 /* AppDelegate.swift */; };
		DCF520522364945500A46423 /* SceneDelegate.swift in Sources */ = {isa = PBXBuildFile; fileRef = DCF520512364945500A46423 /* SceneDelegate.swift */; };
		DCF520542364945500A46423 /* ViewController.swift in Sources */ = {isa = PBXBuildFile; fileRef = DCF520532364945500A46423 /* ViewController.swift */; };
		DCF520572364945500A46423 /* Main.storyboard in Resources */ = {isa = PBXBuildFile; fileRef = DCF520552364945500A46423 /* Main.storyboard */; };
		DCF520592364945700A46423 /* Assets.xcassets in Resources */ = {isa = PBXBuildFile; fileRef = DCF520582364945700A46423 /* Assets.xcassets */; };
		DCF5205C2364945700A46423 /* LaunchScreen.storyboard in Resources */ = {isa = PBXBuildFile; fileRef = DCF5205A2364945700A46423 /* LaunchScreen.storyboard */; };
		DCF520672364945700A46423 /* DemoTests.swift in Sources */ = {isa = PBXBuildFile; fileRef = DCF520662364945700A46423 /* DemoTests.swift */; };
		DCF520722364945700A46423 /* DemoUITests.swift in Sources */ = {isa = PBXBuildFile; fileRef = DCF520712364945700A46423 /* DemoUITests.swift */; };
/* End PBXBuildFile section */

/* Begin PBXContainerItemProxy section */
		DCF520632364945700A46423 /* PBXContainerItemProxy */ = {
			isa = PBXContainerItemProxy;
			containerPortal = DCF520442364945500A46423 /* Project object */;
			proxyType = 1;
			remoteGlobalIDString = DCF5204B2364945500A46423;
			remoteInfo = Demo;
		};
		DCF5206E2364945700A46423 /* PBXContainerItemProxy */ = {
			isa = PBXContainerItemProxy;
			containerPortal = DCF520442364945500A46423 /* Project object */;
			proxyType = 1;
			remoteGlobalIDString = DCF5204B2364945500A46423;
			remoteInfo = Demo;
		};
/* End PBXContainerItemProxy section */

/* Begin PBXFileReference section */
		DCF5204C2364945500A46423 /* Demo.app */ = {isa = PBXFileReference; explicitFileType = wrapper.application; includeInIndex = 0; path = Demo.app; sourceTree = BUILT_PRODUCTS_DIR; };
		DCF5204F2364945500A46423 /* AppDelegate.swift */ = {isa = PBXFileReference; lastKnownFileType = sourcecode.swift; path = AppDelegate.swift; sourceTree = "<group>"; };
		DCF520512364945500A46423 /* SceneDelegate.swift */ = {isa = PBXFileReference; lastKnownFileType = sourcecode.swift; path = SceneDelegate.swift; sourceTree = "<group>"; };
		DCF520532364945500A46423 /* ViewController.swift */ = {isa = PBXFileReference; lastKnownFileType = sourcecode.swift; path = ViewController.swift; sourceTree = "<group>"; };
		DCF520562364945500A46423 /* Base */ = {isa = PBXFileReference; lastKnownFileType = file.storyboard; name = Base; path = Base.lproj/Main.storyboard; sourceTree = "<group>"; };
		DCF520582364945700A46423 /* Assets.xcassets */ = {isa = PBXFileReference; lastKnownFileType = folder.assetcatalog; path = Assets.xcassets; sourceTree = "<group>"; };
		DCF5205B2364945700A46423 /* Base */ = {isa = PBXFileReference; lastKnownFileType = file.storyboard; name = Base; path = Base.lproj/LaunchScreen.storyboard; sourceTree = "<group>"; };
		DCF5205D2364945700A46423 /* Info.plist */ = {isa = PBXFileReference; lastKnownFileType = text.plist.xml; path = Info.plist; sourceTree = "<group>"; };
		DCF520622364945700A46423 /* DemoTests.xctest */ = {isa = PBXFileReference; explicitFileType = wrapper.cfbundle; includeInIndex = 0; path = DemoTests.xctest; sourceTree = BUILT_PRODUCTS_DIR; };
		DCF520662364945700A46423 /* DemoTests.swift */ = {isa = PBXFileReference; lastKnownFileType = sourcecode.swift; path = DemoTests.swift; sourceTree = "<group>"; };
		DCF520682364945700A46423 /* Info.plist */ = {isa = PBXFileReference; lastKnownFileType = text.plist.xml; path = Info.plist; sourceTree = "<group>"; };
		DCF5206D2364945700A46423 /* DemoUITests.xctest */ = {isa = PBXFileReference; explicitFileType = wrapper.cfbundle; includeInIndex = 0; path = DemoUITests.xctest; sourceTree = BUILT_PRODUCTS_DIR; };
		DCF520712364945700A46423 /* DemoUITests.swift */ = {isa = PBXFileReference; lastKnownFileType = sourcecode.swift; path = DemoUITests.swift; sourceTree = "<group>"; };
		DCF520732364945700A46423 /* Info.plist */ = {isa = PBXFileReference; lastKnownFileType = text.plist.xml; path = Info.plist; sourceTree = "<group>"; };
/* End PBXFileReference section */

/* Begin PBXFrameworksBuildPhase section */
		DCF520492364945500A46423 /* Frameworks */ = {
			isa = PBXFrameworksBuildPhase;
			buildActionMask = 2147483647;
			files = (
			);
			runOnlyForDeploymentPostprocessing = 0;
		};
		DCF5205F2364945700A46423 /* Frameworks */ = {
			isa = PBXFrameworksBuildPhase;
			buildActionMask = 2147483647;
			files = (
			);
			runOnlyForDeploymentPostprocessing = 0;
		};
		DCF5206A2364945700A46423 /* Frameworks */ = {
			isa = PBXFrameworksBuildPhase;
			buildActionMask = 2147483647;
			files = (
			);
			runOnlyForDeploymentPostprocessing = 0;
		};
/* End PBXFrameworksBuildPhase section */

/* Begin PBXGroup section */
		DCF520432364945500A46423 = {
			isa = PBXGroup;
			children = (
				DCF5204E2364945500A46423 /* Demo */,
				DCF520652364945700A46423 /* DemoTests */,
				DCF520702364945700A46423 /* DemoUITests */,
				DCF5204D2364945500A46423 /* Products */,
			);
			sourceTree = "<group>";
		};
		DCF5204D2364945500A46423 /* Products */ = {
			isa = PBXGroup;
			children = (
				DCF5204C2364945500A46423 /* Demo.app */,
				DCF520622364945700A46423 /* DemoTests.xctest */,
				DCF5206D2364945700A46423 /* DemoUITests.xctest */,
			);
			name = Products;
			sourceTree = "<group>";
		};
		DCF5204E2364945500A46423 /* Demo */ = {
			isa = PBXGroup;
			children = (
				DCF5204F2364945500A46423 /* AppDelegate.swift */,
				DCF520512364945500A46423 /* SceneDelegate.swift */,
				DCF520532364945500A46423 /* ViewController.swift */,
				DCF520552364945500A46423 /* Main.storyboard */,
				DCF520582364945700A46423 /* Assets.xcassets */,
				DCF5205A2364945700A46423 /* LaunchScreen.storyboard */,
				DCF5205D2364945700A46423 /* Info.plist */,
			);
			path = Demo;
			sourceTree = "<group>";
		};
		DCF520652364945700A46423 /* DemoTests */ = {
			isa = PBXGroup;
			children = (
				DCF520662364945700A46423 /* DemoTests.swift */,
				DCF520682364945700A46423 /* Info.plist */,
			);
			path = DemoTests;
			sourceTree = "<group>";
		};
		DCF520702364945700A46423 /* DemoUITests */ = {
			isa = PBXGroup;
			children = (
				DCF520712364945700A46423 /* DemoUITests.swift */,
				DCF520732364945700A46423 /* Info.plist */,
			);
			path = DemoUITests;
			sourceTree = "<group>";
		};
/* End PBXGroup section */

/* Begin PBXNativeTarget section */
		DCF5204B2364945500A46423 /* Demo */ = {
			isa = PBXNativeTarget;
			buildConfigurationList = DCF520762364945700A46423 /* Build configuration list for PBXNativeTarget "Demo" */;
			buildPhases = (
				DCF520482364945500A46423 /* Sources */,
				DCF520492364945500A46423 /* Frameworks */,
				DCF5204A2364945500A46423 /* Resources */,
			);
			buildRules = (
			);
			dependencies = (
			);
			name = Demo;
			productName = Demo;
			productReference = DCF5204C2364945500A46423 /* Demo.app */;
			productType = "com.apple.product-type.application";
		};
		DCF520612364945700A46423 /* DemoTests */ = {
			isa = PBXNativeTarget;
			buildConfigurationList = DCF520792364945700A46423 /* Build configuration list for PBXNativeTarget "DemoTests" */;
			buildPhases = (
				DCF5205E2364945700A46423 /* Sources */,
				DCF5205F2364945700A46423 /* Frameworks */,
				DCF520602364945700A46423 /* Resources */,
			);
			buildRules = (
			);
			dependencies = (
				DCF520642364945700A46423 /* PBXTargetDependency */,
			);
			name = DemoTests;
			productName = DemoTests;
			productReference = DCF520622364945700A46423 /* DemoTests.xctest */;
			productType = "com.apple.product-type.bundle.unit-test";
		};
		DCF5206C2364945700A46423 /* DemoUITests */ = {
			isa = PBXNativeTarget;
			buildConfigurationList = DCF5207C2364945700A46423 /* Build configuration list for PBXNativeTarget "DemoUITests" */;
			buildPhases = (
				DCF520692364945700A46423 /* Sources */,
				DCF5206A2364945700A46423 /* Frameworks */,
				DCF5206B2364945700A46423 /* Resources */,
			);
			buildRules = (
			);
			dependencies = (
				DCF5206F2364945700A46423 /* PBXTargetDependency */,
			);
			name = DemoUITests;
			productName = DemoUITests;
			productReference = DCF5206D2364945700A46423 /* DemoUITests.xctest */;
			productType = "com.apple.product-type.bundle.ui-testing";
		};
/* End PBXNativeTarget section */

/* Begin PBXProject section */
		DCF520442364945500A46423 /* Project object */ = {
			isa = PBXProject;
			attributes = {
				LastSwiftUpdateCheck = 1110;
				LastUpgradeCheck = 1110;
				ORGANIZATIONNAME = "鈴木大志";
				TargetAttributes = {
					DCF5204B2364945500A46423 = {
						CreatedOnToolsVersion = 11.1;
					};
					DCF520612364945700A46423 = {
						CreatedOnToolsVersion = 11.1;
						TestTargetID = DCF5204B2364945500A46423;
					};
					DCF5206C2364945700A46423 = {
						CreatedOnToolsVersion = 11.1;
						TestTargetID = DCF5204B2364945500A46423;
					};
				};
			};
			buildConfigurationList = DCF520472364945500A46423 /* Build configuration list for PBXProject "Demo" */;
			compatibilityVersion = "Xcode 9.3";
			developmentRegion = en;
			hasScannedForEncodings = 0;
			knownRegions = (
				en,
				Base,
			);
			mainGroup = DCF520432364945500A46423;
			productRefGroup = DCF5204D2364945500A46423 /* Products */;
			projectDirPath = "";
			projectRoot = "";
			targets = (
				DCF5204B2364945500A46423 /* Demo */,
				DCF520612364945700A46423 /* DemoTests */,
				DCF5206C2364945700A46423 /* DemoUITests */,
			);
		};
/* End PBXProject section */

/* Begin PBXResourcesBuildPhase section */
		DCF5204A2364945500A46423 /* Resources */ = {
			isa = PBXResourcesBuildPhase;
			buildActionMask = 2147483647;
			files = (
				DCF5205C2364945700A46423 /* LaunchScreen.storyboard in Resources */,
				DCF520592364945700A46423 /* Assets.xcassets in Resources */,
				DCF520572364945500A46423 /* Main.storyboard in Resources */,
			);
			runOnlyForDeploymentPostprocessing = 0;
		};
		DCF520602364945700A46423 /* Resources */ = {
			isa = PBXResourcesBuildPhase;
			buildActionMask = 2147483647;
			files = (
			);
			runOnlyForDeploymentPostprocessing = 0;
		};
		DCF5206B2364945700A46423 /* Resources */ = {
			isa = PBXResourcesBuildPhase;
			buildActionMask = 2147483647;
			files = (
			);
			runOnlyForDeploymentPostprocessing = 0;
		};
/* End PBXResourcesBuildPhase section */

/* Begin PBXSourcesBuildPhase section */
		DCF520482364945500A46423 /* Sources */ = {
			isa = PBXSourcesBuildPhase;
			buildActionMask = 2147483647;
			files = (
				DCF520542364945500A46423 /* ViewController.swift in Sources */,
				DCF520502364945500A46423 /* AppDelegate.swift in Sources */,
				DCF520522364945500A46423 /* SceneDelegate.swift in Sources */,
			);
			runOnlyForDeploymentPostprocessing = 0;
		};
		DCF5205E2364945700A46423 /* Sources */ = {
			isa = PBXSourcesBuildPhase;
			buildActionMask = 2147483647;
			files = (
				DCF520672364945700A46423 /* DemoTests.swift in Sources */,
			);
			runOnlyForDeploymentPostprocessing = 0;
		};
		DCF520692364945700A46423 /* Sources */ = {
			isa = PBXSourcesBuildPhase;
			buildActionMask = 2147483647;
			files = (
				DCF520722364945700A46423 /* DemoUITests.swift in Sources */,
			);
			runOnlyForDeploymentPostprocessing = 0;
		};
/* End PBXSourcesBuildPhase section */

/* Begin PBXTargetDependency section */
		DCF520642364945700A46423 /* PBXTargetDependency */ = {
			isa = PBXTargetDependency;
			target = DCF5204B2364945500A46423 /* Demo */;
			targetProxy = DCF520632364945700A46423 /* PBXContainerItemProxy */;
		};
		DCF5206F2364945700A46423 /* PBXTargetDependency */ = {
			isa = PBXTargetDependency;
			target = DCF5204B2364945500A46423 /* Demo */;
			targetProxy = DCF5206E2364945700A46423 /* PBXContainerItemProxy */;
		};
/* End PBXTargetDependency section */

/* Begin PBXVariantGroup section */
		DCF520552364945500A46423 /* Main.storyboard */ = {
			isa = PBXVariantGroup;
			children = (
				DCF520562364945500A46423 /* Base */,
			);
			name = Main.storyboard;
			sourceTree = "<group>";
		};
		DCF5205A2364945700A46423 /* LaunchScreen.storyboard */ = {
			isa = PBXVariantGroup;
			children = (
				DCF5205B2364945700A46423 /* Base */,
			);
			name = LaunchScreen.storyboard;
			sourceTree = "<group>";
		};
/* End PBXVariantGroup section */

/* Begin XCBuildConfiguration section */
		DCF520742364945700A46423 /* Debug */ = {
			isa = XCBuildConfiguration;
			buildSettings = {
				ALWAYS_SEARCH_USER_PATHS = NO;
				CLANG_ANALYZER_NONNULL = YES;
				CLANG_ANALYZER_NUMBER_OBJECT_CONVERSION = YES_AGGRESSIVE;
				CLANG_CXX_LANGUAGE_STANDARD = "gnu++14";
				CLANG_CXX_LIBRARY = "libc++";
				CLANG_ENABLE_MODULES = YES;
				CLANG_ENABLE_OBJC_ARC = YES;
				CLANG_ENABLE_OBJC_WEAK = YES;
				CLANG_WARN_BLOCK_CAPTURE_AUTORELEASING = YES;
				CLANG_WARN_BOOL_CONVERSION = YES;
				CLANG_WARN_COMMA = YES;
				CLANG_WARN_CONSTANT_CONVERSION = YES;
				CLANG_WARN_DEPRECATED_OBJC_IMPLEMENTATIONS = YES;
				CLANG_WARN_DIRECT_OBJC_ISA_USAGE = YES_ERROR;
				CLANG_WARN_DOCUMENTATION_COMMENTS = YES;
				CLANG_WARN_EMPTY_BODY = YES;
				CLANG_WARN_ENUM_CONVERSION = YES;
				CLANG_WARN_INFINITE_RECURSION = YES;
				CLANG_WARN_INT_CONVERSION = YES;
				CLANG_WARN_NON_LITERAL_NULL_CONVERSION = YES;
				CLANG_WARN_OBJC_IMPLICIT_RETAIN_SELF = YES;
				CLANG_WARN_OBJC_LITERAL_CONVERSION = YES;
				CLANG_WARN_OBJC_ROOT_CLASS = YES_ERROR;
				CLANG_WARN_RANGE_LOOP_ANALYSIS = YES;
				CLANG_WARN_STRICT_PROTOTYPES = YES;
				CLANG_WARN_SUSPICIOUS_MOVE = YES;
				CLANG_WARN_UNGUARDED_AVAILABILITY = YES_AGGRESSIVE;
				CLANG_WARN_UNREACHABLE_CODE = YES;
				CLANG_WARN__DUPLICATE_METHOD_MATCH = YES;
				COPY_PHASE_STRIP = NO;
				DEBUG_INFORMATION_FORMAT = dwarf;
				ENABLE_STRICT_OBJC_MSGSEND = YES;
				ENABLE_TESTABILITY = YES;
				GCC_C_LANGUAGE_STANDARD = gnu11;
				GCC_DYNAMIC_NO_PIC = NO;
				GCC_NO_COMMON_BLOCKS = YES;
				GCC_OPTIMIZATION_LEVEL = 0;
				GCC_PREPROCESSOR_DEFINITIONS = (
					"DEBUG=1",
					"$(inherited)",
				);
				GCC_WARN_64_TO_32_BIT_CONVERSION = YES;
				GCC_WARN_ABOUT_RETURN_TYPE = YES_ERROR;
				GCC_WARN_UNDECLARED_SELECTOR = YES;
				GCC_WARN_UNINITIALIZED_AUTOS = YES_AGGRESSIVE;
				GCC_WARN_UNUSED_FUNCTION = YES;
				GCC_WARN_UNUSED_VARIABLE = YES;
				IPHONEOS_DEPLOYMENT_TARGET = 13.1;
				MTL_ENABLE_DEBUG_INFO = INCLUDE_SOURCE;
				MTL_FAST_MATH = YES;
				ONLY_ACTIVE_ARCH = YES;
				SDKROOT = iphoneos;
				SWIFT_ACTIVE_COMPILATION_CONDITIONS = DEBUG;
				SWIFT_OPTIMIZATION_LEVEL = "-Onone";
			};
			name = Debug;
		};
		DCF520752364945700A46423 /* Release */ = {
			isa = XCBuildConfiguration;
			buildSettings = {
				ALWAYS_SEARCH_USER_PATHS = NO;
				CLANG_ANALYZER_NONNULL = YES;
				CLANG_ANALYZER_NUMBER_OBJECT_CONVERSION = YES_AGGRESSIVE;
				CLANG_CXX_LANGUAGE_STANDARD = "gnu++14";
				CLANG_CXX_LIBRARY = "libc++";
				CLANG_ENABLE_MODULES = YES;
				CLANG_ENABLE_OBJC_ARC = YES;
				CLANG_ENABLE_OBJC_WEAK = YES;
				CLANG_WARN_BLOCK_CAPTURE_AUTORELEASING = YES;
				CLANG_WARN_BOOL_CONVERSION = YES;
				CLANG_WARN_COMMA = YES;
				CLANG_WARN_CONSTANT_CONVERSION = YES;
				CLANG_WARN_DEPRECATED_OBJC_IMPLEMENTATIONS = YES;
				CLANG_WARN_DIRECT_OBJC_ISA_USAGE = YES_ERROR;
				CLANG_WARN_DOCUMENTATION_COMMENTS = YES;
				CLANG_WARN_EMPTY_BODY = YES;
				CLANG_WARN_ENUM_CONVERSION = YES;
				CLANG_WARN_INFINITE_RECURSION = YES;
				CLANG_WARN_INT_CONVERSION = YES;
				CLANG_WARN_NON_LITERAL_NULL_CONVERSION = YES;
				CLANG_WARN_OBJC_IMPLICIT_RETAIN_SELF = YES;
				CLANG_WARN_OBJC_LITERAL_CONVERSION = YES;
				CLANG_WARN_OBJC_ROOT_CLASS = YES_ERROR;
				CLANG_WARN_RANGE_LOOP_ANALYSIS = YES;
				CLANG_WARN_STRICT_PROTOTYPES = YES;
				CLANG_WARN_SUSPICIOUS_MOVE = YES;
				CLANG_WARN_UNGUARDED_AVAILABILITY = YES_AGGRESSIVE;
				CLANG_WARN_UNREACHABLE_CODE = YES;
				CLANG_WARN__DUPLICATE_METHOD_MATCH = YES;
				COPY_PHASE_STRIP = NO;
				DEBUG_INFORMATION_FORMAT = "dwarf-with-dsym";
				ENABLE_NS_ASSERTIONS = NO;
				ENABLE_STRICT_OBJC_MSGSEND = YES;
				GCC_C_LANGUAGE_STANDARD = gnu11;
				GCC_NO_COMMON_BLOCKS = YES;
				GCC_WARN_64_TO_32_BIT_CONVERSION = YES;
				GCC_WARN_ABOUT_RETURN_TYPE = YES_ERROR;
				GCC_WARN_UNDECLARED_SELECTOR = YES;
				GCC_WARN_UNINITIALIZED_AUTOS = YES_AGGRESSIVE;
				GCC_WARN_UNUSED_FUNCTION = YES;
				GCC_WARN_UNUSED_VARIABLE = YES;
				IPHONEOS_DEPLOYMENT_TARGET = 13.1;
				MTL_ENABLE_DEBUG_INFO = NO;
				MTL_FAST_MATH = YES;
				SDKROOT = iphoneos;
				SWIFT_COMPILATION_MODE = wholemodule;
				SWIFT_OPTIMIZATION_LEVEL = "-O";
				VALIDATE_PRODUCT = YES;
			};
			name = Release;
		};
		DCF520772364945700A46423 /* Debug */ = {
			isa = XCBuildConfiguration;
			buildSettings = {
				ASSETCATALOG_COMPILER_APPICON_NAME = AppIcon;
				CODE_SIGN_STYLE = Automatic;
				DEVELOPMENT_TEAM = GX7FJVZM3M;
				INFOPLIST_FILE = Demo/Info.plist;
				LD_RUNPATH_SEARCH_PATHS = (
					"$(inherited)",
					"@executable_path/Frameworks",
				);
				PRODUCT_BUNDLE_IDENTIFIER = com.zukky.Demo;
				PRODUCT_NAME = "$(TARGET_NAME)";
				SWIFT_VERSION = 5.0;
				TARGETED_DEVICE_FAMILY = "1,2";
			};
			name = Debug;
		};
		DCF520782364945700A46423 /* Release */ = {
			isa = XCBuildConfiguration;
			buildSettings = {
				ASSETCATALOG_COMPILER_APPICON_NAME = AppIcon;
				CODE_SIGN_STYLE = Automatic;
				DEVELOPMENT_TEAM = GX7FJVZM3M;
				INFOPLIST_FILE = Demo/Info.plist;
				LD_RUNPATH_SEARCH_PATHS = (
					"$(inherited)",
					"@executable_path/Frameworks",
				);
				PRODUCT_BUNDLE_IDENTIFIER = com.zukky.Demo;
				PRODUCT_NAME = "$(TARGET_NAME)";
				SWIFT_VERSION = 5.0;
				TARGETED_DEVICE_FAMILY = "1,2";
			};
			name = Release;
		};
		DCF5207A2364945700A46423 /* Debug */ = {
			isa = XCBuildConfiguration;
			buildSettings = {
				ALWAYS_EMBED_SWIFT_STANDARD_LIBRARIES = YES;
				BUNDLE_LOADER = "$(TEST_HOST)";
				CODE_SIGN_STYLE = Automatic;
				DEVELOPMENT_TEAM = GX7FJVZM3M;
				INFOPLIST_FILE = DemoTests/Info.plist;
				IPHONEOS_DEPLOYMENT_TARGET = 13.1;
				LD_RUNPATH_SEARCH_PATHS = (
					"$(inherited)",
					"@executable_path/Frameworks",
					"@loader_path/Frameworks",
				);
				PRODUCT_BUNDLE_IDENTIFIER = com.zukky.DemoTests;
				PRODUCT_NAME = "$(TARGET_NAME)";
				SWIFT_VERSION = 5.0;
				TARGETED_DEVICE_FAMILY = "1,2";
				TEST_HOST = "$(BUILT_PRODUCTS_DIR)/Demo.app/Demo";
			};
			name = Debug;
		};
		DCF5207B2364945700A46423 /* Release */ = {
			isa = XCBuildConfiguration;
			buildSettings = {
				ALWAYS_EMBED_SWIFT_STANDARD_LIBRARIES = YES;
				BUNDLE_LOADER = "$(TEST_HOST)";
				CODE_SIGN_STYLE = Automatic;
				DEVELOPMENT_TEAM = GX7FJVZM3M;
				INFOPLIST_FILE = DemoTests/Info.plist;
				IPHONEOS_DEPLOYMENT_TARGET = 13.1;
				LD_RUNPATH_SEARCH_PATHS = (
					"$(inherited)",
					"@executable_path/Frameworks",
					"@loader_path/Frameworks",
				);
				PRODUCT_BUNDLE_IDENTIFIER = com.zukky.DemoTests;
				PRODUCT_NAME = "$(TARGET_NAME)";
				SWIFT_VERSION = 5.0;
				TARGETED_DEVICE_FAMILY = "1,2";
				TEST_HOST = "$(BUILT_PRODUCTS_DIR)/Demo.app/Demo";
			};
			name = Release;
		};
		DCF5207D2364945700A46423 /* Debug */ = {
			isa = XCBuildConfiguration;
			buildSettings = {
				ALWAYS_EMBED_SWIFT_STANDARD_LIBRARIES = YES;
				CODE_SIGN_STYLE = Automatic;
				DEVELOPMENT_TEAM = GX7FJVZM3M;
				INFOPLIST_FILE = DemoUITests/Info.plist;
				LD_RUNPATH_SEARCH_PATHS = (
					"$(inherited)",
					"@executable_path/Frameworks",
					"@loader_path/Frameworks",
				);
				PRODUCT_BUNDLE_IDENTIFIER = com.zukky.DemoUITests;
				PRODUCT_NAME = "$(TARGET_NAME)";
				SWIFT_VERSION = 5.0;
				TARGETED_DEVICE_FAMILY = "1,2";
				TEST_TARGET_NAME = Demo;
			};
			name = Debug;
		};
		DCF5207E2364945700A46423 /* Release */ = {
			isa = XCBuildConfiguration;
			buildSettings = {
				ALWAYS_EMBED_SWIFT_STANDARD_LIBRARIES = YES;
				CODE_SIGN_STYLE = Automatic;
				DEVELOPMENT_TEAM = GX7FJVZM3M;
				INFOPLIST_FILE = DemoUITests/Info.plist;
				LD_RUNPATH_SEARCH_PATHS = (
					"$(inherited)",
					"@executable_path/Frameworks",
					"@loader_path/Frameworks",
				);
				PRODUCT_BUNDLE_IDENTIFIER = com.zukky.DemoUITests;
				PRODUCT_NAME = "$(TARGET_NAME)";
				SWIFT_VERSION = 5.0;
				TARGETED_DEVICE_FAMILY = "1,2";
				TEST_TARGET_NAME = Demo;
			};
			name = Release;
		};
/* End XCBuildConfiguration section */

/* Begin XCConfigurationList section */
		DCF520472364945500A46423 /* Build configuration list for PBXProject "Demo" */ = {
			isa = XCConfigurationList;
			buildConfigurations = (
				DCF520742364945700A46423 /* Debug */,
				DCF520752364945700A46423 /* Release */,
			);
			defaultConfigurationIsVisible = 0;
			defaultConfigurationName = Release;
		};
		DCF520762364945700A46423 /* Build configuration list for PBXNativeTarget "Demo" */ = {
			isa = XCConfigurationList;
			buildConfigurations = (
				DCF520772364945700A46423 /* Debug */,
				DCF520782364945700A46423 /* Release */,
			);
			defaultConfigurationIsVisible = 0;
			defaultConfigurationName = Release;
		};
		DCF520792364945700A46423 /* Build configuration list for PBXNativeTarget "DemoTests" */ = {
			isa = XCConfigurationList;
			buildConfigurations = (
				DCF5207A2364945700A46423 /* Debug */,
				DCF5207B2364945700A46423 /* Release */,
			);
			defaultConfigurationIsVisible = 0;
			defaultConfigurationName = Release;
		};
		DCF5207C2364945700A46423 /* Build configuration list for PBXNativeTarget "DemoUITests" */ = {
			isa = XCConfigurationList;
			buildConfigurations = (
				DCF5207D2364945700A46423 /* Debug */,
				DCF5207E2364945700A46423 /* Release */,
			);
			defaultConfigurationIsVisible = 0;
			defaultConfigurationName = Release;
		};
/* End XCConfigurationList section */
	};
	rootObject = DCF520442364945500A46423 /* Project object */;
}
